PODS:
  - Flutter (1.0.0)
  - integration_test (0.0.1):
    - Flutter
  - share_binary (0.2.0):
    - Flutter

DEPENDENCIES:
  - Flutter (from `Flutter`)
  - integration_test (from `.symlinks/plugins/integration_test/ios`)
  - share_binary (from `.symlinks/plugins/share_binary/ios`)

EXTERNAL SOURCES:
  Flutter:
    :path: Flutter
  integration_test:
    :path: ".symlinks/plugins/integration_test/ios"
  share_binary:
    :path: ".symlinks/plugins/share_binary/ios"

SPEC CHECKSUMS:
  Flutter: f04841e97a9d0b0a8025694d0796dd46242b2854
  integration_test: 13825b8a9334a850581300559b8839134b124670
  share_binary: 2f81db9e1422d23d7b1f69ace28c9e67856e62a1

PODFILE CHECKSUM: 70d9d25280d0dd177a5f637cdb0f0b0b12c6a189

COCOAPODS: 1.14.3
